// !$*UTF8*$!
{
	archiveVersion = 1;
	classes = {
	};
	objectVersion = 50;
	objects = {

/* Begin PBXBuildFile section */
		F4FCEDFF20BC5BDE0099629B /* AppDelegate.swift in Sources */ = {isa = PBXBuildFile; fileRef = F4FCEDFE20BC5BDE0099629B /* AppDelegate.swift */; };
		F4FCEE0120BC5BDE0099629B /* ViewController.swift in Sources */ = {isa = PBXBuildFile; fileRef = F4FCEE0020BC5BDE0099629B /* ViewController.swift */; };
		F4FCEE0420BC5BDE0099629B /* Main.storyboard in Resources */ = {isa = PBXBuildFile; fileRef = F4FCEE0220BC5BDE0099629B /* Main.storyboard */; };
		F4FCEE0620BC5BE00099629B /* Assets.xcassets in Resources */ = {isa = PBXBuildFile; fileRef = F4FCEE0520BC5BE00099629B /* Assets.xcassets */; };
		F4FCEE0920BC5BE00099629B /* LaunchScreen.storyboard in Resources */ = {isa = PBXBuildFile; fileRef = F4FCEE0720BC5BE00099629B /* LaunchScreen.storyboard */; };
		F4FCEE1120BC5C650099629B /* TemplateViewController.swift in Sources */ = {isa = PBXBuildFile; fileRef = F4FCEE1020BC5C650099629B /* TemplateViewController.swift */; };
		F4FCEE1420BC5E0B0099629B /* T1ViewController.swift in Sources */ = {isa = PBXBuildFile; fileRef = F4FCEE1320BC5E0B0099629B /* T1ViewController.swift */; };
/* End PBXBuildFile section */

/* Begin PBXFileReference section */
		F4FCEDFB20BC5BDE0099629B /* TemplatePattern.app */ = {isa = PBXFileReference; explicitFileType = wrapper.application; includeInIndex = 0; path = TemplatePattern.app; sourceTree = BUILT_PRODUCTS_DIR; };
		F4FCEDFE20BC5BDE0099629B /* AppDelegate.swift */ = {isa = PBXFileReference; lastKnownFileType = sourcecode.swift; path = AppDelegate.swift; sourceTree = "<group>"; };
		F4FCEE0020BC5BDE0099629B /* ViewController.swift */ = {isa = PBXFileReference; lastKnownFileType = sourcecode.swift; path = ViewController.swift; sourceTree = "<group>"; };
		F4FCEE0320BC5BDE0099629B /* Base */ = {isa = PBXFileReference; lastKnownFileType = file.storyboard; name = Base; path = Base.lproj/Main.storyboard; sourceTree = "<group>"; };
		F4FCEE0520BC5BE00099629B /* Assets.xcassets */ = {isa = PBXFileReference; lastKnownFileType = folder.assetcatalog; path = Assets.xcassets; sourceTree = "<group>"; };
		F4FCEE0820BC5BE00099629B /* Base */ = {isa = PBXFileReference; lastKnownFileType = file.storyboard; name = Base; path = Base.lproj/LaunchScreen.storyboard; sourceTree = "<group>"; };
		F4FCEE0A20BC5BE00099629B /* Info.plist */ = {isa = PBXFileReference; lastKnownFileType = text.plist.xml; path = Info.plist; sourceTree = "<group>"; };
		F4FCEE1020BC5C650099629B /* TemplateViewController.swift */ = {isa = PBXFileReference; lastKnownFileType = sourcecode.swift; path = TemplateViewController.swift; sourceTree = "<group>"; };
		F4FCEE1320BC5E0B0099629B /* T1ViewController.swift */ = {isa = PBXFileReference; lastKnownFileType = sourcecode.swift; path = T1ViewController.swift; sourceTree = "<group>"; };
/* End PBXFileReference section */

/* Begin PBXFrameworksBuildPhase section */
		F4FCEDF820BC5BDE0099629B /* Frameworks */ = {
			isa = PBXFrameworksBuildPhase;
			buildActionMask = 2147483647;
			files = (
			);
			runOnlyForDeploymentPostprocessing = 0;
		};
/* End PBXFrameworksBuildPhase section */

/* Begin PBXGroup section */
		F4FCEDF220BC5BDE0099629B = {
			isa = PBXGroup;
			children = (
				F4FCEDFD20BC5BDE0099629B /* TemplatePattern */,
				F4FCEDFC20BC5BDE0099629B /* Products */,
			);
			sourceTree = "<group>";
		};
		F4FCEDFC20BC5BDE0099629B /* Products */ = {
			isa = PBXGroup;
			children = (
				F4FCEDFB20BC5BDE0099629B /* TemplatePattern.app */,
			);
			name = Products;
			sourceTree = "<group>";
		};
		F4FCEDFD20BC5BDE0099629B /* TemplatePattern */ = {
			isa = PBXGroup;
			children = (
				F4FCEE1220BC5CB20099629B /* Demo */,
				F4FCEDFE20BC5BDE0099629B /* AppDelegate.swift */,
				F4FCEE0020BC5BDE0099629B /* ViewController.swift */,
				F4FCEE0220BC5BDE0099629B /* Main.storyboard */,
				F4FCEE0520BC5BE00099629B /* Assets.xcassets */,
				F4FCEE0720BC5BE00099629B /* LaunchScreen.storyboard */,
				F4FCEE0A20BC5BE00099629B /* Info.plist */,
			);
			path = TemplatePattern;
			sourceTree = "<group>";
		};
		F4FCEE1220BC5CB20099629B /* Demo */ = {
			isa = PBXGroup;
			children = (
				F4FCEE1020BC5C650099629B /* TemplateViewController.swift */,
				F4FCEE1320BC5E0B0099629B /* T1ViewController.swift */,
			);
			path = Demo;
			sourceTree = "<group>";
		};
/* End PBXGroup section */

/* Begin PBXNativeTarget section */
		F4FCEDFA20BC5BDE0099629B /* TemplatePattern */ = {
			isa = PBXNativeTarget;
			buildConfigurationList = F4FCEE0D20BC5BE00099629B /* Build configuration list for PBXNativeTarget "TemplatePattern" */;
			buildPhases = (
				F4FCEDF720BC5BDE0099629B /* Sources */,
				F4FCEDF820BC5BDE0099629B /* Frameworks */,
				F4FCEDF920BC5BDE0099629B /* Resources */,
			);
			buildRules = (
			);
			dependencies = (
			);
			name = TemplatePattern;
			productName = TemplatePattern;
			productReference = F4FCEDFB20BC5BDE0099629B /* TemplatePattern.app */;
			productType = "com.apple.product-type.application";
		};
/* End PBXNativeTarget section */

/* Begin PBXProject section */
		F4FCEDF320BC5BDE0099629B /* Project object */ = {
			isa = PBXProject;
			attributes = {
				LastSwiftUpdateCheck = 0930;
				LastUpgradeCheck = 0930;
				ORGANIZATIONNAME = Bomi;
				TargetAttributes = {
					F4FCEDFA20BC5BDE0099629B = {
						CreatedOnToolsVersion = 9.3;
					};
				};
			};
			buildConfigurationList = F4FCEDF620BC5BDE0099629B /* Build configuration list for PBXProject "TemplatePattern" */;
			compatibilityVersion = "Xcode 9.3";
			developmentRegion = en;
			hasScannedForEncodings = 0;
			knownRegions = (
				en,
				Base,
			);
			mainGroup = F4FCEDF220BC5BDE0099629B;
			productRefGroup = F4FCEDFC20BC5BDE0099629B /* Products */;
			projectDirPath = "";
			projectRoot = "";
			targets = (
				F4FCEDFA20BC5BDE0099629B /* TemplatePattern */,
			);
		};
/* End PBXProject section */

/* Begin PBXResourcesBuildPhase section */
		F4FCEDF920BC5BDE0099629B /* Resources */ = {
			isa = PBXResourcesBuildPhase;
			buildActionMask = 2147483647;
			files = (
				F4FCEE0920BC5BE00099629B /* LaunchScreen.storyboard in Resources */,
				F4FCEE0620BC5BE00099629B /* Assets.xcassets in Resources */,
				F4FCEE0420BC5BDE0099629B /* Main.storyboard in Resources */,
			);
			runOnlyForDeploymentPostprocessing = 0;
		};
/* End PBXResourcesBuildPhase section */

/* Begin PBXSourcesBuildPhase section */
		F4FCEDF720BC5BDE0099629B /* Sources */ = {
			isa = PBXSourcesBuildPhase;
			buildActionMask = 2147483647;
			files = (
				F4FCEE0120BC5BDE0099629B /* ViewController.swift in Sources */,
				F4FCEE1420BC5E0B0099629B /* T1ViewController.swift in Sources */,
				F4FCEDFF20BC5BDE0099629B /* AppDelegate.swift in Sources */,
				F4FCEE1120BC5C650099629B /* TemplateViewController.swift in Sources */,
			);
			runOnlyForDeploymentPostprocessing = 0;
		};
/* End PBXSourcesBuildPhase section */

/* Begin PBXVariantGroup section */
		F4FCEE0220BC5BDE0099629B /* Main.storyboard */ = {
			isa = PBXVariantGroup;
			children = (
				F4FCEE0320BC5BDE0099629B /* Base */,
			);
			name = Main.storyboard;
			sourceTree = "<group>";
		};
		F4FCEE0720BC5BE00099629B /* LaunchScreen.storyboard */ = {
			isa = PBXVariantGroup;
			children = (
				F4FCEE0820BC5BE00099629B /* Base */,
			);
			name = LaunchScreen.storyboard;
			sourceTree = "<group>";
		};
/* End PBXVariantGroup section */

/* Begin XCBuildConfiguration section */
		F4FCEE0B20BC5BE00099629B /* Debug */ = {
			isa = XCBuildConfiguration;
			buildSettings = {
				ALWAYS_SEARCH_USER_PATHS = NO;
				CLANG_ANALYZER_NONNULL = YES;
				CLANG_ANALYZER_NUMBER_OBJECT_CONVERSION = YES_AGGRESSIVE;
				CLANG_CXX_LANGUAGE_STANDARD = "gnu++14";
				CLANG_CXX_LIBRARY = "libc++";
				CLANG_ENABLE_MODULES = YES;
				CLANG_ENABLE_OBJC_ARC = YES;
				CLANG_ENABLE_OBJC_WEAK = YES;
				CLANG_WARN_BLOCK_CAPTURE_AUTORELEASING = YES;
				CLANG_WARN_BOOL_CONVERSION = YES;
				CLANG_WARN_COMMA = YES;
				CLANG_WARN_CONSTANT_CONVERSION = YES;
				CLANG_WARN_DEPRECATED_OBJC_IMPLEMENTATIONS = YES;
				CLANG_WARN_DIRECT_OBJC_ISA_USAGE = YES_ERROR;
				CLANG_WARN_DOCUMENTATION_COMMENTS = YES;
				CLANG_WARN_EMPTY_BODY = YES;
				CLANG_WARN_ENUM_CONVERSION = YES;
				CLANG_WARN_INFINITE_RECURSION = YES;
				CLANG_WARN_INT_CONVERSION = YES;
				CLANG_WARN_NON_LITERAL_NULL_CONVERSION = YES;
				CLANG_WARN_OBJC_IMPLICIT_RETAIN_SELF = YES;
				CLANG_WARN_OBJC_LITERAL_CONVERSION = YES;
				CLANG_WARN_OBJC_ROOT_CLASS = YES_ERROR;
				CLANG_WARN_RANGE_LOOP_ANALYSIS = YES;
				CLANG_WARN_STRICT_PROTOTYPES = YES;
				CLANG_WARN_SUSPICIOUS_MOVE = YES;
				CLANG_WARN_UNGUARDED_AVAILABILITY = YES_AGGRESSIVE;
				CLANG_WARN_UNREACHABLE_CODE = YES;
				CLANG_WARN__DUPLICATE_METHOD_MATCH = YES;
				CODE_SIGN_IDENTITY = "iPhone Developer";
				COPY_PHASE_STRIP = NO;
				DEBUG_INFORMATION_FORMAT = dwarf;
				ENABLE_STRICT_OBJC_MSGSEND = YES;
				ENABLE_TESTABILITY = YES;
				GCC_C_LANGUAGE_STANDARD = gnu11;
				GCC_DYNAMIC_NO_PIC = NO;
				GCC_NO_COMMON_BLOCKS = YES;
				GCC_OPTIMIZATION_LEVEL = 0;
				GCC_PREPROCESSOR_DEFINITIONS = (
					"DEBUG=1",
					"$(inherited)",
				);
				GCC_WARN_64_TO_32_BIT_CONVERSION = YES;
				GCC_WARN_ABOUT_RETURN_TYPE = YES_ERROR;
				GCC_WARN_UNDECLARED_SELECTOR = YES;
				GCC_WARN_UNINITIALIZED_AUTOS = YES_AGGRESSIVE;
				GCC_WARN_UNUSED_FUNCTION = YES;
				GCC_WARN_UNUSED_VARIABLE = YES;
				IPHONEOS_DEPLOYMENT_TARGET = 11.3;
				MTL_ENABLE_DEBUG_INFO = YES;
				ONLY_ACTIVE_ARCH = YES;
				SDKROOT = iphoneos;
				SWIFT_ACTIVE_COMPILATION_CONDITIONS = DEBUG;
				SWIFT_OPTIMIZATION_LEVEL = "-Onone";
			};
			name = Debug;
		};
		F4FCEE0C20BC5BE00099629B /* Release */ = {
			isa = XCBuildConfiguration;
			buildSettings = {
				ALWAYS_SEARCH_USER_PATHS = NO;
				CLANG_ANALYZER_NONNULL = YES;
				CLANG_ANALYZER_NUMBER_OBJECT_CONVERSION = YES_AGGRESSIVE;
				CLANG_CXX_LANGUAGE_STANDARD = "gnu++14";
				CLANG_CXX_LIBRARY = "libc++";
				CLANG_ENABLE_MODULES = YES;
				CLANG_ENABLE_OBJC_ARC = YES;
				CLANG_ENABLE_OBJC_WEAK = YES;
				CLANG_WARN_BLOCK_CAPTURE_AUTORELEASING = YES;
				CLANG_WARN_BOOL_CONVERSION = YES;
				CLANG_WARN_COMMA = YES;
				CLANG_WARN_CONSTANT_CONVERSION = YES;
				CLANG_WARN_DEPRECATED_OBJC_IMPLEMENTATIONS = YES;
				CLANG_WARN_DIRECT_OBJC_ISA_USAGE = YES_ERROR;
				CLANG_WARN_DOCUMENTATION_COMMENTS = YES;
				CLANG_WARN_EMPTY_BODY = YES;
				CLANG_WARN_ENUM_CONVERSION = YES;
				CLANG_WARN_INFINITE_RECURSION = YES;
				CLANG_WARN_INT_CONVERSION = YES;
				CLANG_WARN_NON_LITERAL_NULL_CONVERSION = YES;
				CLANG_WARN_OBJC_IMPLICIT_RETAIN_SELF = YES;
				CLANG_WARN_OBJC_LITERAL_CONVERSION = YES;
				CLANG_WARN_OBJC_ROOT_CLASS = YES_ERROR;
				CLANG_WARN_RANGE_LOOP_ANALYSIS = YES;
				CLANG_WARN_STRICT_PROTOTYPES = YES;
				CLANG_WARN_SUSPICIOUS_MOVE = YES;
				CLANG_WARN_UNGUARDED_AVAILABILITY = YES_AGGRESSIVE;
				CLANG_WARN_UNREACHABLE_CODE = YES;
				CLANG_WARN__DUPLICATE_METHOD_MATCH = YES;
				CODE_SIGN_IDENTITY = "iPhone Developer";
				COPY_PHASE_STRIP = NO;
				DEBUG_INFORMATION_FORMAT = "dwarf-with-dsym";
				ENABLE_NS_ASSERTIONS = NO;
				ENABLE_STRICT_OBJC_MSGSEND = YES;
				GCC_C_LANGUAGE_STANDARD = gnu11;
				GCC_NO_COMMON_BLOCKS = YES;
				GCC_WARN_64_TO_32_BIT_CONVERSION = YES;
				GCC_WARN_ABOUT_RETURN_TYPE = YES_ERROR;
				GCC_WARN_UNDECLARED_SELECTOR = YES;
				GCC_WARN_UNINITIALIZED_AUTOS = YES_AGGRESSIVE;
				GCC_WARN_UNUSED_FUNCTION = YES;
				GCC_WARN_UNUSED_VARIABLE = YES;
				IPHONEOS_DEPLOYMENT_TARGET = 11.3;
				MTL_ENABLE_DEBUG_INFO = NO;
				SDKROOT = iphoneos;
				SWIFT_COMPILATION_MODE = wholemodule;
				SWIFT_OPTIMIZATION_LEVEL = "-O";
				VALIDATE_PRODUCT = YES;
			};
			name = Release;
		};
		F4FCEE0E20BC5BE00099629B /* Debug */ = {
			isa = XCBuildConfiguration;
			buildSettings = {
				ASSETCATALOG_COMPILER_APPICON_NAME = AppIcon;
				CODE_SIGN_STYLE = Automatic;
				DEVELOPMENT_TEAM = 5VBM73Y9G2;
				INFOPLIST_FILE = TemplatePattern/Info.plist;
				LD_RUNPATH_SEARCH_PATHS = (
					"$(inherited)",
					"@executable_path/Frameworks",
				);
				PRODUCT_BUNDLE_IDENTIFIER = PrototypeC.TemplatePattern;
				PRODUCT_NAME = "$(TARGET_NAME)";
				SWIFT_VERSION = 4.0;
				TARGETED_DEVICE_FAMILY = "1,2";
			};
			name = Debug;
		};
		F4FCEE0F20BC5BE00099629B /* Release */ = {
			isa = XCBuildConfiguration;
			buildSettings = {
				ASSETCATALOG_COMPILER_APPICON_NAME = AppIcon;
				CODE_SIGN_STYLE = Automatic;
				DEVELOPMENT_TEAM = 5VBM73Y9G2;
				INFOPLIST_FILE = TemplatePattern/Info.plist;
				LD_RUNPATH_SEARCH_PATHS = (
					"$(inherited)",
					"@executable_path/Frameworks",
				);
				PRODUCT_BUNDLE_IDENTIFIER = PrototypeC.TemplatePattern;
				PRODUCT_NAME = "$(TARGET_NAME)";
				SWIFT_VERSION = 4.0;
				TARGETED_DEVICE_FAMILY = "1,2";
			};
			name = Release;
		};
/* End XCBuildConfiguration section */

/* Begin XCConfigurationList section */
		F4FCEDF620BC5BDE0099629B /* Build configuration list for PBXProject "TemplatePattern" */ = {
			isa = XCConfigurationList;
			buildConfigurations = (
				F4FCEE0B20BC5BE00099629B /* Debug */,
				F4FCEE0C20BC5BE00099629B /* Release */,
			);
			defaultConfigurationIsVisible = 0;
			defaultConfigurationName = Release;
		};
		F4FCEE0D20BC5BE00099629B /* Build configuration list for PBXNativeTarget "TemplatePattern" */ = {
			isa = XCConfigurationList;
			buildConfigurations = (
				F4FCEE0E20BC5BE00099629B /* Debug */,
				F4FCEE0F20BC5BE00099629B /* Release */,
			);
			defaultConfigurationIsVisible = 0;
			defaultConfigurationName = Release;
		};
/* End XCConfigurationList section */
	};
	rootObject = F4FCEDF320BC5BDE0099629B /* Project object */;
}
